
Microsoft Visual Studio Solution File, Format Version 12.00
# Visual Studio Version 17
VisualStudioVersion = 17.8.34322.80
MinimumVisualStudioVersion = 10.0.40219.1
Project("{FAE04EC0-301F-11D3-BF4B-00C04F79EFBC}") = "PizzaBlazor", "PizzaBlazor.csproj", "{DEF0BAF8-0812-4814-87D8-E0BEC8EAE2E4}"
EndProject
Global
	GlobalSection(SolutionConfigurationPlatforms) = preSolution
		Debug|Any CPU = Debug|Any CPU
		Release|Any CPU = Release|Any CPU
	EndGlobalSection
	GlobalSection(ProjectConfigurationPlatforms) = postSolution
		{DEF0BAF8-0812-4814-87D8-E0BEC8EAE2E4}.Debug|Any CPU.ActiveCfg = Debug|Any CPU
		{DEF0BAF8-0812-4814-87D8-E0BEC8EAE2E4}.Debug|Any CPU.Build.0 = Debug|Any CPU
		{DEF0BAF8-0812-4814-87D8-E0BEC8EAE2E4}.Release|Any CPU.ActiveCfg = Release|Any CPU
		{DEF0BAF8-0812-4814-87D8-E0BEC8EAE2E4}.Release|Any CPU.Build.0 = Release|Any CPU
	EndGlobalSection
	GlobalSection(SolutionProperties) = preSolution
		HideSolutionNode = FALSE
	EndGlobalSection
	GlobalSection(ExtensibilityGlobals) = postSolution
		SolutionGuid = {545E67BA-768B-4474-B836-4D26223B5BC9}
	EndGlobalSection
EndGlobal
